
Microsoft Visual Studio Solution File, Format Version 12.00
# Visual Studio Version 16
VisualStudioVersion = 16.0.30717.126
MinimumVisualStudioVersion = 10.0.40219.1
Project("{FAE04EC0-301F-11D3-BF4B-00C04F79EFBC}") = "Tools", "Tools\Tools.csproj", "{8C395929-07BF-44C9-B60C-9414674984E1}"
EndProject
Project("{FAE04EC0-301F-11D3-BF4B-00C04F79EFBC}") = "Sample", "Sample\Sample.csproj", "{CCD76472-FFA0-4CAA-A40B-CED0F4438C3D}"
EndProject
Global
	GlobalSection(SolutionConfigurationPlatforms) = preSolution
		Debug|Any CPU = Debug|Any CPU
		Release|Any CPU = Release|Any CPU
	EndGlobalSection
	GlobalSection(ProjectConfigurationPlatforms) = postSolution
		{8C395929-07BF-44C9-B60C-9414674984E1}.Debug|Any CPU.ActiveCfg = Debug|Any CPU
		{8C395929-07BF-44C9-B60C-9414674984E1}.Debug|Any CPU.Build.0 = Debug|Any CPU
		{8C395929-07BF-44C9-B60C-9414674984E1}.Release|Any CPU.ActiveCfg = Release|Any CPU
		{8C395929-07BF-44C9-B60C-9414674984E1}.Release|Any CPU.Build.0 = Release|Any CPU
		{CCD76472-FFA0-4CAA-A40B-CED0F4438C3D}.Debug|Any CPU.ActiveCfg = Debug|Any CPU
		{CCD76472-FFA0-4CAA-A40B-CED0F4438C3D}.Debug|Any CPU.Build.0 = Debug|Any CPU
		{CCD76472-FFA0-4CAA-A40B-CED0F4438C3D}.Release|Any CPU.ActiveCfg = Release|Any CPU
		{CCD76472-FFA0-4CAA-A40B-CED0F4438C3D}.Release|Any CPU.Build.0 = Release|Any CPU
	EndGlobalSection
	GlobalSection(SolutionProperties) = preSolution
		HideSolutionNode = FALSE
	EndGlobalSection
	GlobalSection(ExtensibilityGlobals) = postSolution
		SolutionGuid = {5CDB7E74-491C-4A11-8077-F127AA6C7D4C}
	EndGlobalSection
EndGlobal
